
Microsoft Visual Studio Solution File, Format Version 12.00
# Visual Studio Version 17
VisualStudioVersion = 17.9.34622.214
MinimumVisualStudioVersion = 10.0.40219.1
Project("{FAE04EC0-301F-11D3-BF4B-00C04F79EFBC}") = "CC3-1N-Liclicankj", "CC3-1N-Liclicankj\CC3-1N-Liclicankj.csproj", "{4A1ED519-6950-45C4-8ED0-34494C212AE4}"
EndProject
Global
	GlobalSection(SolutionConfigurationPlatforms) = preSolution
		Debug|Any CPU = Debug|Any CPU
		Release|Any CPU = Release|Any CPU
	EndGlobalSection
	GlobalSection(ProjectConfigurationPlatforms) = postSolution
		{4A1ED519-6950-45C4-8ED0-34494C212AE4}.Debug|Any CPU.ActiveCfg = Debug|Any CPU
		{4A1ED519-6950-45C4-8ED0-34494C212AE4}.Debug|Any CPU.Build.0 = Debug|Any CPU
		{4A1ED519-6950-45C4-8ED0-34494C212AE4}.Release|Any CPU.ActiveCfg = Release|Any CPU
		{4A1ED519-6950-45C4-8ED0-34494C212AE4}.Release|Any CPU.Build.0 = Release|Any CPU
	EndGlobalSection
	GlobalSection(SolutionProperties) = preSolution
		HideSolutionNode = FALSE
	EndGlobalSection
	GlobalSection(ExtensibilityGlobals) = postSolution
		SolutionGuid = {1F345BA1-235D-45AB-B18E-880AC327B441}
	EndGlobalSection
EndGlobal
